
Microsoft Visual Studio Solution File, Format Version 12.00
# Visual Studio Version 16
VisualStudioVersion = 16.0.32228.343
MinimumVisualStudioVersion = 10.0.40219.1
Project("{FAE04EC0-301F-11D3-BF4B-00C04F79EFBC}") = "CodeBuilder.MySQL", "CodeBuilder.MySQL\CodeBuilder.MySQL.csproj", "{BC3316B9-CE3C-4E8E-BF1D-0D4936C2603C}"
EndProject
Global
	GlobalSection(SolutionConfigurationPlatforms) = preSolution
		Debug|Any CPU = Debug|Any CPU
		Release|Any CPU = Release|Any CPU
	EndGlobalSection
	GlobalSection(ProjectConfigurationPlatforms) = postSolution
		{BC3316B9-CE3C-4E8E-BF1D-0D4936C2603C}.Debug|Any CPU.ActiveCfg = Debug|Any CPU
		{BC3316B9-CE3C-4E8E-BF1D-0D4936C2603C}.Debug|Any CPU.Build.0 = Debug|Any CPU
		{BC3316B9-CE3C-4E8E-BF1D-0D4936C2603C}.Release|Any CPU.ActiveCfg = Release|Any CPU
		{BC3316B9-CE3C-4E8E-BF1D-0D4936C2603C}.Release|Any CPU.Build.0 = Release|Any CPU
	EndGlobalSection
	GlobalSection(SolutionProperties) = preSolution
		HideSolutionNode = FALSE
	EndGlobalSection
	GlobalSection(ExtensibilityGlobals) = postSolution
		SolutionGuid = {C70F6900-5399-42AD-B969-1756BCD378AA}
	EndGlobalSection
EndGlobal
